
Microsoft Visual Studio Solution File, Format Version 12.00
# Visual Studio 15
VisualStudioVersion = 15.0.27130.2010
MinimumVisualStudioVersion = 10.0.40219.1
Project("{FAE04EC0-301F-11D3-BF4B-00C04F79EFBC}") = "IdentityServerPOC", "IdentityServerPOC\IdentityServerPOC.csproj", "{89307925-3604-4057-B50D-79B1173467D2}"
EndProject
Global
	GlobalSection(SolutionConfigurationPlatforms) = preSolution
		Debug|Any CPU = Debug|Any CPU
		Release|Any CPU = Release|Any CPU
	EndGlobalSection
	GlobalSection(ProjectConfigurationPlatforms) = postSolution
		{89307925-3604-4057-B50D-79B1173467D2}.Debug|Any CPU.ActiveCfg = Debug|Any CPU
		{89307925-3604-4057-B50D-79B1173467D2}.Debug|Any CPU.Build.0 = Debug|Any CPU
		{89307925-3604-4057-B50D-79B1173467D2}.Release|Any CPU.ActiveCfg = Release|Any CPU
		{89307925-3604-4057-B50D-79B1173467D2}.Release|Any CPU.Build.0 = Release|Any CPU
	EndGlobalSection
	GlobalSection(SolutionProperties) = preSolution
		HideSolutionNode = FALSE
	EndGlobalSection
	GlobalSection(ExtensibilityGlobals) = postSolution
		SolutionGuid = {658BDA55-EF27-456C-8FEE-72651647223C}
	EndGlobalSection
EndGlobal
